[{<<"backoff">>,
  {git,"https://github.com/ferd/backoff.git",
       {ref,"dfb19a20c37b73af067edc3c335624bdf9517396"}},
  1},
 {<<"core">>,
  {git,"https://github.com/exograd/erl-core.git",
       {ref,"0520b920c445dad8043cbec8defa0e1482dcf547"}},
  0},
 {<<"influx">>,
  {git,"https://github.com/exograd/erl-influx.git",
       {ref,"b072eff3070c896ad1e0d986603eb4396794fa03"}},
  0},
 {<<"ksuid">>,
  {git,"https://github.com/exograd/erl-ksuid.git",
       {ref,"d3a33ff9b459ba8eea5584bffaff66ccbdfe10c4"}},
  1},
 {<<"mhttp">>,
  {git,"https://github.com/exograd/erl-mhttp.git",
       {ref,"f6b14db14b508f6b0fd1a5d873616cddf7cc7736"}},
  0},
 {<<"netrc">>,
  {git,"https://github.com/exograd/erl-netrc.git",
       {ref,"36d52f7096ce9770a2d32d6905e2e870c5b39398"}},
  1},
 {<<"uri">>,
  {git,"https://github.com/exograd/erl-uri.git",
       {ref,"4d217279c3c850a5a02a9cc9e0d9881646d658e6"}},
  1}].
